
Microsoft Visual Studio Solution File, Format Version 12.00
# Visual Studio Version 16
VisualStudioVersion = 16.0.31624.102
MinimumVisualStudioVersion = 10.0.40219.1
Project("{FAE04EC0-301F-11D3-BF4B-00C04F79EFBC}") = "Entities", "Entities\Entities.csproj", "{CBC44D87-9D2B-4877-8987-EAB860515BE8}"
EndProject
Project("{FAE04EC0-301F-11D3-BF4B-00C04F79EFBC}") = "DataAccess", "DataAccess\DataAccess.csproj", "{605B9582-F364-43FB-9F14-5AB9EB386A58}"
EndProject
Project("{FAE04EC0-301F-11D3-BF4B-00C04F79EFBC}") = "Business", "Business\Business.csproj", "{DA27DD1A-CC95-4B85-8CA2-296EAA4B4F55}"
EndProject
Project("{FAE04EC0-301F-11D3-BF4B-00C04F79EFBC}") = "Core", "Core\Core.csproj", "{294F74E4-7BAA-4E84-8DC7-D22B07299AC5}"
EndProject
Project("{FAE04EC0-301F-11D3-BF4B-00C04F79EFBC}") = "WebUI", "WebUI\WebUI.csproj", "{FE05EACB-1C8E-4501-834E-D1DFA30DEB8B}"
EndProject
Global
	GlobalSection(SolutionConfigurationPlatforms) = preSolution
		Debug|Any CPU = Debug|Any CPU
		Release|Any CPU = Release|Any CPU
	EndGlobalSection
	GlobalSection(ProjectConfigurationPlatforms) = postSolution
		{CBC44D87-9D2B-4877-8987-EAB860515BE8}.Debug|Any CPU.ActiveCfg = Debug|Any CPU
		{CBC44D87-9D2B-4877-8987-EAB860515BE8}.Debug|Any CPU.Build.0 = Debug|Any CPU
		{CBC44D87-9D2B-4877-8987-EAB860515BE8}.Release|Any CPU.ActiveCfg = Release|Any CPU
		{CBC44D87-9D2B-4877-8987-EAB860515BE8}.Release|Any CPU.Build.0 = Release|Any CPU
		{605B9582-F364-43FB-9F14-5AB9EB386A58}.Debug|Any CPU.ActiveCfg = Debug|Any CPU
		{605B9582-F364-43FB-9F14-5AB9EB386A58}.Debug|Any CPU.Build.0 = Debug|Any CPU
		{605B9582-F364-43FB-9F14-5AB9EB386A58}.Release|Any CPU.ActiveCfg = Release|Any CPU
		{605B9582-F364-43FB-9F14-5AB9EB386A58}.Release|Any CPU.Build.0 = Release|Any CPU
		{DA27DD1A-CC95-4B85-8CA2-296EAA4B4F55}.Debug|Any CPU.ActiveCfg = Debug|Any CPU
		{DA27DD1A-CC95-4B85-8CA2-296EAA4B4F55}.Debug|Any CPU.Build.0 = Debug|Any CPU
		{DA27DD1A-CC95-4B85-8CA2-296EAA4B4F55}.Release|Any CPU.ActiveCfg = Release|Any CPU
		{DA27DD1A-CC95-4B85-8CA2-296EAA4B4F55}.Release|Any CPU.Build.0 = Release|Any CPU
		{294F74E4-7BAA-4E84-8DC7-D22B07299AC5}.Debug|Any CPU.ActiveCfg = Debug|Any CPU
		{294F74E4-7BAA-4E84-8DC7-D22B07299AC5}.Debug|Any CPU.Build.0 = Debug|Any CPU
		{294F74E4-7BAA-4E84-8DC7-D22B07299AC5}.Release|Any CPU.ActiveCfg = Release|Any CPU
		{294F74E4-7BAA-4E84-8DC7-D22B07299AC5}.Release|Any CPU.Build.0 = Release|Any CPU
		{FE05EACB-1C8E-4501-834E-D1DFA30DEB8B}.Debug|Any CPU.ActiveCfg = Debug|Any CPU
		{FE05EACB-1C8E-4501-834E-D1DFA30DEB8B}.Debug|Any CPU.Build.0 = Debug|Any CPU
		{FE05EACB-1C8E-4501-834E-D1DFA30DEB8B}.Release|Any CPU.ActiveCfg = Release|Any CPU
		{FE05EACB-1C8E-4501-834E-D1DFA30DEB8B}.Release|Any CPU.Build.0 = Release|Any CPU
	EndGlobalSection
	GlobalSection(SolutionProperties) = preSolution
		HideSolutionNode = FALSE
	EndGlobalSection
	GlobalSection(ExtensibilityGlobals) = postSolution
		SolutionGuid = {0C2DAA11-C0A1-4D0D-B431-EDE9EABB6B66}
	EndGlobalSection
EndGlobal
